
Microsoft Visual Studio Solution File, Format Version 12.00
# Visual Studio Version 17
VisualStudioVersion = 17.3.32929.385
MinimumVisualStudioVersion = 10.0.40219.1
Project("{FAE04EC0-301F-11D3-BF4B-00C04F79EFBC}") = "Judgment", "Judgment.csproj", "{8741CB0E-8986-4CE9-8780-400F64364533}"
EndProject
Global
	GlobalSection(SolutionConfigurationPlatforms) = preSolution
		Debug|Any CPU = Debug|Any CPU
		Release|Any CPU = Release|Any CPU
	EndGlobalSection
	GlobalSection(ProjectConfigurationPlatforms) = postSolution
		{8741CB0E-8986-4CE9-8780-400F64364533}.Debug|Any CPU.ActiveCfg = Debug|Any CPU
		{8741CB0E-8986-4CE9-8780-400F64364533}.Debug|Any CPU.Build.0 = Debug|Any CPU
		{8741CB0E-8986-4CE9-8780-400F64364533}.Release|Any CPU.ActiveCfg = Release|Any CPU
		{8741CB0E-8986-4CE9-8780-400F64364533}.Release|Any CPU.Build.0 = Release|Any CPU
	EndGlobalSection
	GlobalSection(SolutionProperties) = preSolution
		HideSolutionNode = FALSE
	EndGlobalSection
	GlobalSection(ExtensibilityGlobals) = postSolution
		SolutionGuid = {420A1C35-CE98-4996-8356-ED5F229DF0F9}
	EndGlobalSection
EndGlobal
