
Microsoft Visual Studio Solution File, Format Version 12.00
# Visual Studio Version 17
VisualStudioVersion = 17.3.32929.385
MinimumVisualStudioVersion = 10.0.40219.1
Project("{FAE04EC0-301F-11D3-BF4B-00C04F79EFBC}") = "Assignment4", "Assignment4.csproj", "{7189ED04-8773-4C24-BA90-3D8536AB1118}"
EndProject
Global
	GlobalSection(SolutionConfigurationPlatforms) = preSolution
		Debug|Any CPU = Debug|Any CPU
		Release|Any CPU = Release|Any CPU
	EndGlobalSection
	GlobalSection(ProjectConfigurationPlatforms) = postSolution
		{7189ED04-8773-4C24-BA90-3D8536AB1118}.Debug|Any CPU.ActiveCfg = Debug|Any CPU
		{7189ED04-8773-4C24-BA90-3D8536AB1118}.Debug|Any CPU.Build.0 = Debug|Any CPU
		{7189ED04-8773-4C24-BA90-3D8536AB1118}.Release|Any CPU.ActiveCfg = Release|Any CPU
		{7189ED04-8773-4C24-BA90-3D8536AB1118}.Release|Any CPU.Build.0 = Release|Any CPU
	EndGlobalSection
	GlobalSection(SolutionProperties) = preSolution
		HideSolutionNode = FALSE
	EndGlobalSection
	GlobalSection(ExtensibilityGlobals) = postSolution
		SolutionGuid = {8ACF3EB9-EE11-4B14-B7F1-586E0B5F9629}
	EndGlobalSection
EndGlobal
